
Microsoft Visual Studio Solution File, Format Version 12.00
# Visual Studio Version 16
VisualStudioVersion = 16.0.29503.13
MinimumVisualStudioVersion = 10.0.40219.1
Project("{FAE04EC0-301F-11D3-BF4B-00C04F79EFBC}") = "MidiBleProxy", "MidiBleProxy\MidiBleProxy.csproj", "{24BEFB18-33DE-4FE5-9019-BCC317315D97}"
	ProjectSection(ProjectDependencies) = postProject
		{CBF483CE-9D0F-47A5-B004-5FEEA4AA8605} = {CBF483CE-9D0F-47A5-B004-5FEEA4AA8605}
	EndProjectSection
EndProject
Project("{FAE04EC0-301F-11D3-BF4B-00C04F79EFBC}") = "MidiBleProxyLib", "MidiBleProxyLib\MidiBleProxyLib.csproj", "{CBF483CE-9D0F-47A5-B004-5FEEA4AA8605}"
EndProject
Global
	GlobalSection(SolutionConfigurationPlatforms) = preSolution
		Debug|Any CPU = Debug|Any CPU
		Release|Any CPU = Release|Any CPU
	EndGlobalSection
	GlobalSection(ProjectConfigurationPlatforms) = postSolution
		{24BEFB18-33DE-4FE5-9019-BCC317315D97}.Debug|Any CPU.ActiveCfg = Debug|Any CPU
		{24BEFB18-33DE-4FE5-9019-BCC317315D97}.Debug|Any CPU.Build.0 = Debug|Any CPU
		{24BEFB18-33DE-4FE5-9019-BCC317315D97}.Release|Any CPU.ActiveCfg = Release|Any CPU
		{24BEFB18-33DE-4FE5-9019-BCC317315D97}.Release|Any CPU.Build.0 = Release|Any CPU
		{CBF483CE-9D0F-47A5-B004-5FEEA4AA8605}.Debug|Any CPU.ActiveCfg = Debug|Any CPU
		{CBF483CE-9D0F-47A5-B004-5FEEA4AA8605}.Debug|Any CPU.Build.0 = Debug|Any CPU
		{CBF483CE-9D0F-47A5-B004-5FEEA4AA8605}.Release|Any CPU.ActiveCfg = Release|Any CPU
		{CBF483CE-9D0F-47A5-B004-5FEEA4AA8605}.Release|Any CPU.Build.0 = Release|Any CPU
	EndGlobalSection
	GlobalSection(SolutionProperties) = preSolution
		HideSolutionNode = FALSE
	EndGlobalSection
	GlobalSection(ExtensibilityGlobals) = postSolution
		SolutionGuid = {7711AFA6-5F53-4821-AA5F-C0DBF736DBA9}
	EndGlobalSection
EndGlobal
